// !$*UTF8*$!
{
	archiveVersion = 1;
	classes = {
	};
	objectVersion = 56;
	objects = {

/* Begin PBXBuildFile section */
		164113412C23D55F00E18731 /* AlegreyaSansSC-Bold.ttf in Resources */ = {isa = PBXBuildFile; fileRef = 164113402C23D55F00E18731 /* AlegreyaSansSC-Bold.ttf */; };
		164113432C23D56A00E18731 /* AlegreyaSansSC-ExtraBold.ttf in Resources */ = {isa = PBXBuildFile; fileRef = 164113422C23D56A00E18731 /* AlegreyaSansSC-ExtraBold.ttf */; };
		164113452C23D57700E18731 /* AlegreyaSansSC-Medium.ttf in Resources */ = {isa = PBXBuildFile; fileRef = 164113442C23D57700E18731 /* AlegreyaSansSC-Medium.ttf */; };
		165736BB2C2286D50099A5A0 /* Madness Hyperactive.otf in Resources */ = {isa = PBXBuildFile; fileRef = 165736BA2C2286D50099A5A0 /* Madness Hyperactive.otf */; };
		8105C6922C2286D100701330 /* StartScene.swift in Sources */ = {isa = PBXBuildFile; fileRef = 8105C6912C2286D100701330 /* StartScene.swift */; };
		99280C382C17705C00E5B76A /* AccelerometerManager.swift in Sources */ = {isa = PBXBuildFile; fileRef = 99280C372C17705C00E5B76A /* AccelerometerManager.swift */; };
		A40284F22C1AF33E00B6CC8D /* Iceberg.swift in Sources */ = {isa = PBXBuildFile; fileRef = A40284F12C1AF33E00B6CC8D /* Iceberg.swift */; };
		A40284F82C1AFA6200B6CC8D /* RestoringTorqueComponent.swift in Sources */ = {isa = PBXBuildFile; fileRef = A40284F72C1AFA6200B6CC8D /* RestoringTorqueComponent.swift */; };
		A40284FA2C1AFBEC00B6CC8D /* ActionComponent.swift in Sources */ = {isa = PBXBuildFile; fileRef = A40284F92C1AFBEC00B6CC8D /* ActionComponent.swift */; };
		A40284FC2C1B005100B6CC8D /* +TouchHandler.swift in Sources */ = {isa = PBXBuildFile; fileRef = A40284FB2C1B005100B6CC8D /* +TouchHandler.swift */; };
		A40284FE2C1B01E300B6CC8D /* +CollisionHandler.swift in Sources */ = {isa = PBXBuildFile; fileRef = A40284FD2C1B01E300B6CC8D /* +CollisionHandler.swift */; };
		A40285062C1B12C100B6CC8D /* +RandomSpawnHandler.swift in Sources */ = {isa = PBXBuildFile; fileRef = A40285052C1B12C100B6CC8D /* +RandomSpawnHandler.swift */; };
		A40285082C1B155000B6CC8D /* PositionComponent.swift in Sources */ = {isa = PBXBuildFile; fileRef = A40285072C1B155000B6CC8D /* PositionComponent.swift */; };
		A402850A2C1B166E00B6CC8D /* Coin.swift in Sources */ = {isa = PBXBuildFile; fileRef = A40285092C1B166E00B6CC8D /* Coin.swift */; };
		A40285102C1B285700B6CC8D /* +ScoreCoinHandler.swift in Sources */ = {isa = PBXBuildFile; fileRef = A402850F2C1B285700B6CC8D /* +ScoreCoinHandler.swift */; };
		A40285122C1BC0D600B6CC8D /* SpringComponent.swift in Sources */ = {isa = PBXBuildFile; fileRef = A40285112C1BC0D600B6CC8D /* SpringComponent.swift */; };
		A47CD8902C16E595003165D5 /* AppDelegate.swift in Sources */ = {isa = PBXBuildFile; fileRef = A47CD88F2C16E595003165D5 /* AppDelegate.swift */; };
		A47CD8922C16E595003165D5 /* GameScene.sks in Resources */ = {isa = PBXBuildFile; fileRef = A47CD8912C16E595003165D5 /* GameScene.sks */; };
		A47CD8942C16E595003165D5 /* Actions.sks in Resources */ = {isa = PBXBuildFile; fileRef = A47CD8932C16E595003165D5 /* Actions.sks */; };
		A47CD8962C16E595003165D5 /* GameScene.swift in Sources */ = {isa = PBXBuildFile; fileRef = A47CD8952C16E595003165D5 /* GameScene.swift */; };
		A47CD8982C16E595003165D5 /* GameViewController.swift in Sources */ = {isa = PBXBuildFile; fileRef = A47CD8972C16E595003165D5 /* GameViewController.swift */; };
		A47CD89B2C16E595003165D5 /* Base in Resources */ = {isa = PBXBuildFile; fileRef = A47CD89A2C16E595003165D5 /* Base */; };
		A47CD89D2C16E597003165D5 /* Assets.xcassets in Resources */ = {isa = PBXBuildFile; fileRef = A47CD89C2C16E597003165D5 /* Assets.xcassets */; };
		A47CD8A02C16E597003165D5 /* Base in Resources */ = {isa = PBXBuildFile; fileRef = A47CD89F2C16E597003165D5 /* Base */; };
		A47CD8A82C1A9041003165D5 /* Penguin.swift in Sources */ = {isa = PBXBuildFile; fileRef = A47CD8A72C1A9041003165D5 /* Penguin.swift */; };
		A47CD8AB2C1A9087003165D5 /* SpriteComponent.swift in Sources */ = {isa = PBXBuildFile; fileRef = A47CD8AA2C1A9087003165D5 /* SpriteComponent.swift */; };
		A47CD8AD2C1A924D003165D5 /* EntityManager.swift in Sources */ = {isa = PBXBuildFile; fileRef = A47CD8AC2C1A924D003165D5 /* EntityManager.swift */; };
		A47CD8B32C1A9669003165D5 /* PowerUp.swift in Sources */ = {isa = PBXBuildFile; fileRef = A47CD8B22C1A9669003165D5 /* PowerUp.swift */; };
		A47CD8B52C1A9771003165D5 /* PlayerControlComponent.swift in Sources */ = {isa = PBXBuildFile; fileRef = A47CD8B42C1A9771003165D5 /* PlayerControlComponent.swift */; };
		A47CD8B72C1A98D9003165D5 /* Obstacle.swift in Sources */ = {isa = PBXBuildFile; fileRef = A47CD8B62C1A98D9003165D5 /* Obstacle.swift */; };
		A47CD8BB2C1AA9FA003165D5 /* PhysicsComponent.swift in Sources */ = {isa = PBXBuildFile; fileRef = A47CD8BA2C1AA9FA003165D5 /* PhysicsComponent.swift */; };
		A47CD8BE2C1ABB64003165D5 /* SoundManager.swift in Sources */ = {isa = PBXBuildFile; fileRef = A47CD8BD2C1ABB64003165D5 /* SoundManager.swift */; };
		A488FEF52C227B580068C07B /* EndScreen.swift in Sources */ = {isa = PBXBuildFile; fileRef = A488FEF42C227B580068C07B /* EndScreen.swift */; };
		A4A14E5C2C25139600CB4457 /* +DifficultyHandler.swift in Sources */ = {isa = PBXBuildFile; fileRef = A4A14E5B2C25139600CB4457 /* +DifficultyHandler.swift */; };
		A4A14E5E2C2513B700CB4457 /* +Waves.swift in Sources */ = {isa = PBXBuildFile; fileRef = A4A14E5D2C2513B700CB4457 /* +Waves.swift */; };
		A4A14E602C27E1FD00CB4457 /* IcebergStateComponent.swift in Sources */ = {isa = PBXBuildFile; fileRef = A4A14E5F2C27E1FD00CB4457 /* IcebergStateComponent.swift */; };
		A4A14E622C27E23F00CB4457 /* ShaderComponent.swift in Sources */ = {isa = PBXBuildFile; fileRef = A4A14E612C27E23F00CB4457 /* ShaderComponent.swift */; };
		A4A14E652C27E36300CB4457 /* IcebegrTransitionShader.fsh in Resources */ = {isa = PBXBuildFile; fileRef = A4A14E642C27E36300CB4457 /* IcebegrTransitionShader.fsh */; };
		A4A14E672C27E37C00CB4457 /* IcebergTransitionShader.metal in Resources */ = {isa = PBXBuildFile; fileRef = A4A14E662C27E37C00CB4457 /* IcebergTransitionShader.metal */; };
		A4A14E6A2C27E3B200CB4457 /* IcebergSystem.swift in Sources */ = {isa = PBXBuildFile; fileRef = A4A14E692C27E3B200CB4457 /* IcebergSystem.swift */; };
/* End PBXBuildFile section */

/* Begin PBXFileReference section */
		164113402C23D55F00E18731 /* AlegreyaSansSC-Bold.ttf */ = {isa = PBXFileReference; lastKnownFileType = file; path = "AlegreyaSansSC-Bold.ttf"; sourceTree = "<group>"; };
		164113422C23D56A00E18731 /* AlegreyaSansSC-ExtraBold.ttf */ = {isa = PBXFileReference; lastKnownFileType = file; path = "AlegreyaSansSC-ExtraBold.ttf"; sourceTree = "<group>"; };
		164113442C23D57700E18731 /* AlegreyaSansSC-Medium.ttf */ = {isa = PBXFileReference; lastKnownFileType = file; path = "AlegreyaSansSC-Medium.ttf"; sourceTree = "<group>"; };
		165736B92C2286A50099A5A0 /* Info.plist */ = {isa = PBXFileReference; lastKnownFileType = text.plist; path = Info.plist; sourceTree = "<group>"; };
		165736BA2C2286D50099A5A0 /* Madness Hyperactive.otf */ = {isa = PBXFileReference; lastKnownFileType = file; path = "Madness Hyperactive.otf"; sourceTree = "<group>"; };
		4464DA212C273EB400A7759F /* dont-slip.entitlements */ = {isa = PBXFileReference; lastKnownFileType = text.plist.entitlements; path = "dont-slip.entitlements"; sourceTree = "<group>"; };
		8105C6912C2286D100701330 /* StartScene.swift */ = {isa = PBXFileReference; lastKnownFileType = sourcecode.swift; path = StartScene.swift; sourceTree = "<group>"; };
		99280C372C17705C00E5B76A /* AccelerometerManager.swift */ = {isa = PBXFileReference; fileEncoding = 4; lastKnownFileType = sourcecode.swift; path = AccelerometerManager.swift; sourceTree = "<group>"; };
		A40284F12C1AF33E00B6CC8D /* Iceberg.swift */ = {isa = PBXFileReference; lastKnownFileType = sourcecode.swift; path = Iceberg.swift; sourceTree = "<group>"; };
		A40284F72C1AFA6200B6CC8D /* RestoringTorqueComponent.swift */ = {isa = PBXFileReference; lastKnownFileType = sourcecode.swift; path = RestoringTorqueComponent.swift; sourceTree = "<group>"; };
		A40284F92C1AFBEC00B6CC8D /* ActionComponent.swift */ = {isa = PBXFileReference; lastKnownFileType = sourcecode.swift; path = ActionComponent.swift; sourceTree = "<group>"; };
		A40284FB2C1B005100B6CC8D /* +TouchHandler.swift */ = {isa = PBXFileReference; lastKnownFileType = sourcecode.swift; path = "+TouchHandler.swift"; sourceTree = "<group>"; };
		A40284FD2C1B01E300B6CC8D /* +CollisionHandler.swift */ = {isa = PBXFileReference; lastKnownFileType = sourcecode.swift; path = "+CollisionHandler.swift"; sourceTree = "<group>"; };
		A40285052C1B12C100B6CC8D /* +RandomSpawnHandler.swift */ = {isa = PBXFileReference; lastKnownFileType = sourcecode.swift; path = "+RandomSpawnHandler.swift"; sourceTree = "<group>"; };
		A40285072C1B155000B6CC8D /* PositionComponent.swift */ = {isa = PBXFileReference; lastKnownFileType = sourcecode.swift; path = PositionComponent.swift; sourceTree = "<group>"; };
		A40285092C1B166E00B6CC8D /* Coin.swift */ = {isa = PBXFileReference; lastKnownFileType = sourcecode.swift; path = Coin.swift; sourceTree = "<group>"; };
		A402850F2C1B285700B6CC8D /* +ScoreCoinHandler.swift */ = {isa = PBXFileReference; lastKnownFileType = sourcecode.swift; path = "+ScoreCoinHandler.swift"; sourceTree = "<group>"; };
		A40285112C1BC0D600B6CC8D /* SpringComponent.swift */ = {isa = PBXFileReference; lastKnownFileType = sourcecode.swift; path = SpringComponent.swift; sourceTree = "<group>"; };
		A47CD88C2C16E595003165D5 /* dont-slip.app */ = {isa = PBXFileReference; explicitFileType = wrapper.application; includeInIndex = 0; path = "dont-slip.app"; sourceTree = BUILT_PRODUCTS_DIR; };
		A47CD88F2C16E595003165D5 /* AppDelegate.swift */ = {isa = PBXFileReference; lastKnownFileType = sourcecode.swift; path = AppDelegate.swift; sourceTree = "<group>"; };
		A47CD8912C16E595003165D5 /* GameScene.sks */ = {isa = PBXFileReference; lastKnownFileType = file.sks; path = GameScene.sks; sourceTree = "<group>"; };
		A47CD8932C16E595003165D5 /* Actions.sks */ = {isa = PBXFileReference; lastKnownFileType = file.sks; path = Actions.sks; sourceTree = "<group>"; };
		A47CD8952C16E595003165D5 /* GameScene.swift */ = {isa = PBXFileReference; lastKnownFileType = sourcecode.swift; path = GameScene.swift; sourceTree = "<group>"; };
		A47CD8972C16E595003165D5 /* GameViewController.swift */ = {isa = PBXFileReference; lastKnownFileType = sourcecode.swift; path = GameViewController.swift; sourceTree = "<group>"; };
		A47CD89A2C16E595003165D5 /* Base */ = {isa = PBXFileReference; lastKnownFileType = file.storyboard; name = Base; path = Base.lproj/Main.storyboard; sourceTree = "<group>"; };
		A47CD89C2C16E597003165D5 /* Assets.xcassets */ = {isa = PBXFileReference; lastKnownFileType = folder.assetcatalog; path = Assets.xcassets; sourceTree = "<group>"; };
		A47CD89F2C16E597003165D5 /* Base */ = {isa = PBXFileReference; lastKnownFileType = file.storyboard; name = Base; path = Base.lproj/LaunchScreen.storyboard; sourceTree = "<group>"; };
		A47CD8A72C1A9041003165D5 /* Penguin.swift */ = {isa = PBXFileReference; lastKnownFileType = sourcecode.swift; path = Penguin.swift; sourceTree = "<group>"; };
		A47CD8AA2C1A9087003165D5 /* SpriteComponent.swift */ = {isa = PBXFileReference; lastKnownFileType = sourcecode.swift; path = SpriteComponent.swift; sourceTree = "<group>"; };
		A47CD8AC2C1A924D003165D5 /* EntityManager.swift */ = {isa = PBXFileReference; lastKnownFileType = sourcecode.swift; path = EntityManager.swift; sourceTree = "<group>"; };
		A47CD8B22C1A9669003165D5 /* PowerUp.swift */ = {isa = PBXFileReference; lastKnownFileType = sourcecode.swift; path = PowerUp.swift; sourceTree = "<group>"; };
		A47CD8B42C1A9771003165D5 /* PlayerControlComponent.swift */ = {isa = PBXFileReference; lastKnownFileType = sourcecode.swift; path = PlayerControlComponent.swift; sourceTree = "<group>"; };
		A47CD8B62C1A98D9003165D5 /* Obstacle.swift */ = {isa = PBXFileReference; lastKnownFileType = sourcecode.swift; path = Obstacle.swift; sourceTree = "<group>"; };
		A47CD8BA2C1AA9FA003165D5 /* PhysicsComponent.swift */ = {isa = PBXFileReference; lastKnownFileType = sourcecode.swift; path = PhysicsComponent.swift; sourceTree = "<group>"; };
		A47CD8BD2C1ABB64003165D5 /* SoundManager.swift */ = {isa = PBXFileReference; lastKnownFileType = sourcecode.swift; path = SoundManager.swift; sourceTree = "<group>"; };
		A488FEF42C227B580068C07B /* EndScreen.swift */ = {isa = PBXFileReference; lastKnownFileType = sourcecode.swift; path = EndScreen.swift; sourceTree = "<group>"; };
		A4A14E5B2C25139600CB4457 /* +DifficultyHandler.swift */ = {isa = PBXFileReference; lastKnownFileType = sourcecode.swift; path = "+DifficultyHandler.swift"; sourceTree = "<group>"; };
		A4A14E5D2C2513B700CB4457 /* +Waves.swift */ = {isa = PBXFileReference; lastKnownFileType = sourcecode.swift; path = "+Waves.swift"; sourceTree = "<group>"; };
		A4A14E5F2C27E1FD00CB4457 /* IcebergStateComponent.swift */ = {isa = PBXFileReference; lastKnownFileType = sourcecode.swift; path = IcebergStateComponent.swift; sourceTree = "<group>"; };
		A4A14E612C27E23F00CB4457 /* ShaderComponent.swift */ = {isa = PBXFileReference; lastKnownFileType = sourcecode.swift; path = ShaderComponent.swift; sourceTree = "<group>"; };
		A4A14E642C27E36300CB4457 /* IcebegrTransitionShader.fsh */ = {isa = PBXFileReference; lastKnownFileType = sourcecode.glsl; path = IcebegrTransitionShader.fsh; sourceTree = "<group>"; };
		A4A14E662C27E37C00CB4457 /* IcebergTransitionShader.metal */ = {isa = PBXFileReference; lastKnownFileType = sourcecode.metal; path = IcebergTransitionShader.metal; sourceTree = "<group>"; };
		A4A14E692C27E3B200CB4457 /* IcebergSystem.swift */ = {isa = PBXFileReference; lastKnownFileType = sourcecode.swift; path = IcebergSystem.swift; sourceTree = "<group>"; };
/* End PBXFileReference section */

/* Begin PBXFrameworksBuildPhase section */
		A47CD8892C16E595003165D5 /* Frameworks */ = {
			isa = PBXFrameworksBuildPhase;
			buildActionMask = 2147483647;
			files = (
			);
			runOnlyForDeploymentPostprocessing = 0;
		};
/* End PBXFrameworksBuildPhase section */

/* Begin PBXGroup section */
		A40284FF2C1B01E900B6CC8D /* Handler Extensions */ = {
			isa = PBXGroup;
			children = (
				A40284FB2C1B005100B6CC8D /* +TouchHandler.swift */,
				A40284FD2C1B01E300B6CC8D /* +CollisionHandler.swift */,
				A40285052C1B12C100B6CC8D /* +RandomSpawnHandler.swift */,
				A402850F2C1B285700B6CC8D /* +ScoreCoinHandler.swift */,
				A4A14E5B2C25139600CB4457 /* +DifficultyHandler.swift */,
				A4A14E5D2C2513B700CB4457 /* +Waves.swift */,
			);
			path = "Handler Extensions";
			sourceTree = "<group>";
		};
		A40285132C1BC71C00B6CC8D /* Iceberg Physics */ = {
			isa = PBXGroup;
			children = (
				A40285112C1BC0D600B6CC8D /* SpringComponent.swift */,
				A40284F72C1AFA6200B6CC8D /* RestoringTorqueComponent.swift */,
			);
			path = "Iceberg Physics";
			sourceTree = "<group>";
		};
		A47CD8832C16E595003165D5 = {
			isa = PBXGroup;
			children = (
				164113402C23D55F00E18731 /* AlegreyaSansSC-Bold.ttf */,
				164113422C23D56A00E18731 /* AlegreyaSansSC-ExtraBold.ttf */,
				164113442C23D57700E18731 /* AlegreyaSansSC-Medium.ttf */,
				165736BA2C2286D50099A5A0 /* Madness Hyperactive.otf */,
				A47CD88E2C16E595003165D5 /* dont-slip */,
				A47CD88D2C16E595003165D5 /* Products */,
			);
			sourceTree = "<group>";
		};
		A47CD88D2C16E595003165D5 /* Products */ = {
			isa = PBXGroup;
			children = (
				A47CD88C2C16E595003165D5 /* dont-slip.app */,
			);
			name = Products;
			sourceTree = "<group>";
		};
		A47CD88E2C16E595003165D5 /* dont-slip */ = {
			isa = PBXGroup;
			children = (
				A47CD8B92C1AA840003165D5 /* Scene */,
				A4A14E632C27E35000CB4457 /* Shaders */,
				A47CD8BC2C1AB750003165D5 /* Actions */,
				A47CD8A62C1A9038003165D5 /* Entities */,
				A47CD8A92C1A9067003165D5 /* Components */,
				A4A14E682C27E3A900CB4457 /* Systems */,
				A47CD8B82C1A9F74003165D5 /* Managers */,
				A47CD8972C16E595003165D5 /* GameViewController.swift */,
				A47CD88F2C16E595003165D5 /* AppDelegate.swift */,
				A47CD8992C16E595003165D5 /* Main.storyboard */,
				A47CD89E2C16E597003165D5 /* LaunchScreen.storyboard */,
				A47CD89C2C16E597003165D5 /* Assets.xcassets */,
				4464DA212C273EB400A7759F /* dont-slip.entitlements */,
				165736B92C2286A50099A5A0 /* Info.plist */,
			);
			path = "dont-slip";
			sourceTree = "<group>";
		};
		A47CD8A62C1A9038003165D5 /* Entities */ = {
			isa = PBXGroup;
			children = (
				A47CD8AC2C1A924D003165D5 /* EntityManager.swift */,
				A47CD8A72C1A9041003165D5 /* Penguin.swift */,
				A47CD8B62C1A98D9003165D5 /* Obstacle.swift */,
				A40284F12C1AF33E00B6CC8D /* Iceberg.swift */,
				A47CD8B22C1A9669003165D5 /* PowerUp.swift */,
				A40285092C1B166E00B6CC8D /* Coin.swift */,
			);
			path = Entities;
			sourceTree = "<group>";
		};
		A47CD8A92C1A9067003165D5 /* Components */ = {
			isa = PBXGroup;
			children = (
				A47CD8AA2C1A9087003165D5 /* SpriteComponent.swift */,
				A47CD8B42C1A9771003165D5 /* PlayerControlComponent.swift */,
				A47CD8BA2C1AA9FA003165D5 /* PhysicsComponent.swift */,
				A40284F92C1AFBEC00B6CC8D /* ActionComponent.swift */,
				A40285072C1B155000B6CC8D /* PositionComponent.swift */,
				A40285132C1BC71C00B6CC8D /* Iceberg Physics */,
				A4A14E5F2C27E1FD00CB4457 /* IcebergStateComponent.swift */,
				A4A14E612C27E23F00CB4457 /* ShaderComponent.swift */,
			);
			path = Components;
			sourceTree = "<group>";
		};
		A47CD8B82C1A9F74003165D5 /* Managers */ = {
			isa = PBXGroup;
			children = (
				99280C372C17705C00E5B76A /* AccelerometerManager.swift */,
				A47CD8BD2C1ABB64003165D5 /* SoundManager.swift */,
			);
			path = Managers;
			sourceTree = "<group>";
		};
		A47CD8B92C1AA840003165D5 /* Scene */ = {
			isa = PBXGroup;
			children = (
				A488FEF32C227B4A0068C07B /* Modality */,
				A40284FF2C1B01E900B6CC8D /* Handler Extensions */,
				A47CD8952C16E595003165D5 /* GameScene.swift */,
				8105C6912C2286D100701330 /* StartScene.swift */,
				A47CD8912C16E595003165D5 /* GameScene.sks */,
			);
			path = Scene;
			sourceTree = "<group>";
		};
		A47CD8BC2C1AB750003165D5 /* Actions */ = {
			isa = PBXGroup;
			children = (
				A47CD8932C16E595003165D5 /* Actions.sks */,
			);
			path = Actions;
			sourceTree = "<group>";
		};
		A488FEF32C227B4A0068C07B /* Modality */ = {
			isa = PBXGroup;
			children = (
				A488FEF42C227B580068C07B /* EndScreen.swift */,
			);
			path = Modality;
			sourceTree = "<group>";
		};
		A4A14E632C27E35000CB4457 /* Shaders */ = {
			isa = PBXGroup;
			children = (
				A4A14E642C27E36300CB4457 /* IcebegrTransitionShader.fsh */,
				A4A14E662C27E37C00CB4457 /* IcebergTransitionShader.metal */,
			);
			path = Shaders;
			sourceTree = "<group>";
		};
		A4A14E682C27E3A900CB4457 /* Systems */ = {
			isa = PBXGroup;
			children = (
				A4A14E692C27E3B200CB4457 /* IcebergSystem.swift */,
			);
			path = Systems;
			sourceTree = "<group>";
		};
/* End PBXGroup section */

/* Begin PBXNativeTarget section */
		A47CD88B2C16E595003165D5 /* dont-slip */ = {
			isa = PBXNativeTarget;
			buildConfigurationList = A47CD8A32C16E597003165D5 /* Build configuration list for PBXNativeTarget "dont-slip" */;
			buildPhases = (
				A47CD8882C16E595003165D5 /* Sources */,
				A47CD8892C16E595003165D5 /* Frameworks */,
				A47CD88A2C16E595003165D5 /* Resources */,
			);
			buildRules = (
			);
			dependencies = (
			);
			name = "dont-slip";
			productName = "dont-slip";
			productReference = A47CD88C2C16E595003165D5 /* dont-slip.app */;
			productType = "com.apple.product-type.application";
		};
/* End PBXNativeTarget section */

/* Begin PBXProject section */
		A47CD8842C16E595003165D5 /* Project object */ = {
			isa = PBXProject;
			attributes = {
				BuildIndependentTargetsInParallel = 1;
				LastSwiftUpdateCheck = 1540;
				LastUpgradeCheck = 1540;
				TargetAttributes = {
					A47CD88B2C16E595003165D5 = {
						CreatedOnToolsVersion = 15.4;
					};
				};
			};
			buildConfigurationList = A47CD8872C16E595003165D5 /* Build configuration list for PBXProject "dont-slip" */;
			compatibilityVersion = "Xcode 14.0";
			developmentRegion = en;
			hasScannedForEncodings = 0;
			knownRegions = (
				en,
				Base,
			);
			mainGroup = A47CD8832C16E595003165D5;
			productRefGroup = A47CD88D2C16E595003165D5 /* Products */;
			projectDirPath = "";
			projectRoot = "";
			targets = (
				A47CD88B2C16E595003165D5 /* dont-slip */,
			);
		};
/* End PBXProject section */

/* Begin PBXResourcesBuildPhase section */
		A47CD88A2C16E595003165D5 /* Resources */ = {
			isa = PBXResourcesBuildPhase;
			buildActionMask = 2147483647;
			files = (
				A47CD8922C16E595003165D5 /* GameScene.sks in Resources */,
				165736BB2C2286D50099A5A0 /* Madness Hyperactive.otf in Resources */,
				164113412C23D55F00E18731 /* AlegreyaSansSC-Bold.ttf in Resources */,
				A4A14E652C27E36300CB4457 /* IcebegrTransitionShader.fsh in Resources */,
				A47CD89B2C16E595003165D5 /* Base in Resources */,
				A4A14E672C27E37C00CB4457 /* IcebergTransitionShader.metal in Resources */,
				A47CD89D2C16E597003165D5 /* Assets.xcassets in Resources */,
				A47CD8942C16E595003165D5 /* Actions.sks in Resources */,
				A47CD8A02C16E597003165D5 /* Base in Resources */,
				164113452C23D57700E18731 /* AlegreyaSansSC-Medium.ttf in Resources */,
				164113432C23D56A00E18731 /* AlegreyaSansSC-ExtraBold.ttf in Resources */,
			);
			runOnlyForDeploymentPostprocessing = 0;
		};
/* End PBXResourcesBuildPhase section */

/* Begin PBXSourcesBuildPhase section */
		A47CD8882C16E595003165D5 /* Sources */ = {
			isa = PBXSourcesBuildPhase;
			buildActionMask = 2147483647;
			files = (
				A4A14E5E2C2513B700CB4457 /* +Waves.swift in Sources */,
				A47CD8962C16E595003165D5 /* GameScene.swift in Sources */,
				A40284FC2C1B005100B6CC8D /* +TouchHandler.swift in Sources */,
				A47CD8AD2C1A924D003165D5 /* EntityManager.swift in Sources */,
				A47CD8B72C1A98D9003165D5 /* Obstacle.swift in Sources */,
				A4A14E5C2C25139600CB4457 /* +DifficultyHandler.swift in Sources */,
				A40285062C1B12C100B6CC8D /* +RandomSpawnHandler.swift in Sources */,
				A47CD8A82C1A9041003165D5 /* Penguin.swift in Sources */,
				A40284F22C1AF33E00B6CC8D /* Iceberg.swift in Sources */,
				8105C6922C2286D100701330 /* StartScene.swift in Sources */,
				A47CD8982C16E595003165D5 /* GameViewController.swift in Sources */,
				A40285122C1BC0D600B6CC8D /* SpringComponent.swift in Sources */,
				A40284FA2C1AFBEC00B6CC8D /* ActionComponent.swift in Sources */,
				A40284FE2C1B01E300B6CC8D /* +CollisionHandler.swift in Sources */,
				A47CD8BE2C1ABB64003165D5 /* SoundManager.swift in Sources */,
				A402850A2C1B166E00B6CC8D /* Coin.swift in Sources */,
				A40284F82C1AFA6200B6CC8D /* RestoringTorqueComponent.swift in Sources */,
				A40285082C1B155000B6CC8D /* PositionComponent.swift in Sources */,
				A4A14E622C27E23F00CB4457 /* ShaderComponent.swift in Sources */,
				A47CD8902C16E595003165D5 /* AppDelegate.swift in Sources */,
				A4A14E6A2C27E3B200CB4457 /* IcebergSystem.swift in Sources */,
				A47CD8BB2C1AA9FA003165D5 /* PhysicsComponent.swift in Sources */,
				A47CD8AB2C1A9087003165D5 /* SpriteComponent.swift in Sources */,
				A47CD8B52C1A9771003165D5 /* PlayerControlComponent.swift in Sources */,
				A4A14E602C27E1FD00CB4457 /* IcebergStateComponent.swift in Sources */,
				A40285102C1B285700B6CC8D /* +ScoreCoinHandler.swift in Sources */,
				A488FEF52C227B580068C07B /* EndScreen.swift in Sources */,
				99280C382C17705C00E5B76A /* AccelerometerManager.swift in Sources */,
				A47CD8B32C1A9669003165D5 /* PowerUp.swift in Sources */,
			);
			runOnlyForDeploymentPostprocessing = 0;
		};
/* End PBXSourcesBuildPhase section */

/* Begin PBXVariantGroup section */
		A47CD8992C16E595003165D5 /* Main.storyboard */ = {
			isa = PBXVariantGroup;
			children = (
				A47CD89A2C16E595003165D5 /* Base */,
			);
			name = Main.storyboard;
			sourceTree = "<group>";
		};
		A47CD89E2C16E597003165D5 /* LaunchScreen.storyboard */ = {
			isa = PBXVariantGroup;
			children = (
				A47CD89F2C16E597003165D5 /* Base */,
			);
			name = LaunchScreen.storyboard;
			sourceTree = "<group>";
		};
/* End PBXVariantGroup section */

/* Begin XCBuildConfiguration section */
		A47CD8A12C16E597003165D5 /* Debug */ = {
			isa = XCBuildConfiguration;
			buildSettings = {
				ALWAYS_SEARCH_USER_PATHS = NO;
				ASSETCATALOG_COMPILER_GENERATE_SWIFT_ASSET_SYMBOL_EXTENSIONS = YES;
				CLANG_ANALYZER_NONNULL = YES;
				CLANG_ANALYZER_NUMBER_OBJECT_CONVERSION = YES_AGGRESSIVE;
				CLANG_CXX_LANGUAGE_STANDARD = "gnu++20";
				CLANG_ENABLE_MODULES = YES;
				CLANG_ENABLE_OBJC_ARC = YES;
				CLANG_ENABLE_OBJC_WEAK = YES;
				CLANG_WARN_BLOCK_CAPTURE_AUTORELEASING = YES;
				CLANG_WARN_BOOL_CONVERSION = YES;
				CLANG_WARN_COMMA = YES;
				CLANG_WARN_CONSTANT_CONVERSION = YES;
				CLANG_WARN_DEPRECATED_OBJC_IMPLEMENTATIONS = YES;
				CLANG_WARN_DIRECT_OBJC_ISA_USAGE = YES_ERROR;
				CLANG_WARN_DOCUMENTATION_COMMENTS = YES;
				CLANG_WARN_EMPTY_BODY = YES;
				CLANG_WARN_ENUM_CONVERSION = YES;
				CLANG_WARN_INFINITE_RECURSION = YES;
				CLANG_WARN_INT_CONVERSION = YES;
				CLANG_WARN_NON_LITERAL_NULL_CONVERSION = YES;
				CLANG_WARN_OBJC_IMPLICIT_RETAIN_SELF = YES;
				CLANG_WARN_OBJC_LITERAL_CONVERSION = YES;
				CLANG_WARN_OBJC_ROOT_CLASS = YES_ERROR;
				CLANG_WARN_QUOTED_INCLUDE_IN_FRAMEWORK_HEADER = YES;
				CLANG_WARN_RANGE_LOOP_ANALYSIS = YES;
				CLANG_WARN_STRICT_PROTOTYPES = YES;
				CLANG_WARN_SUSPICIOUS_MOVE = YES;
				CLANG_WARN_UNGUARDED_AVAILABILITY = YES_AGGRESSIVE;
				CLANG_WARN_UNREACHABLE_CODE = YES;
				CLANG_WARN__DUPLICATE_METHOD_MATCH = YES;
				COPY_PHASE_STRIP = NO;
				DEBUG_INFORMATION_FORMAT = dwarf;
				ENABLE_STRICT_OBJC_MSGSEND = YES;
				ENABLE_TESTABILITY = YES;
				ENABLE_USER_SCRIPT_SANDBOXING = YES;
				GCC_C_LANGUAGE_STANDARD = gnu17;
				GCC_DYNAMIC_NO_PIC = NO;
				GCC_NO_COMMON_BLOCKS = YES;
				GCC_OPTIMIZATION_LEVEL = 0;
				GCC_PREPROCESSOR_DEFINITIONS = (
					"DEBUG=1",
					"$(inherited)",
				);
				GCC_WARN_64_TO_32_BIT_CONVERSION = YES;
				GCC_WARN_ABOUT_RETURN_TYPE = YES_ERROR;
				GCC_WARN_UNDECLARED_SELECTOR = YES;
				GCC_WARN_UNINITIALIZED_AUTOS = YES_AGGRESSIVE;
				GCC_WARN_UNUSED_FUNCTION = YES;
				GCC_WARN_UNUSED_VARIABLE = YES;
				IPHONEOS_DEPLOYMENT_TARGET = 17.5;
				LOCALIZATION_PREFERS_STRING_CATALOGS = YES;
				MTL_ENABLE_DEBUG_INFO = INCLUDE_SOURCE;
				MTL_FAST_MATH = YES;
				ONLY_ACTIVE_ARCH = YES;
				SDKROOT = iphoneos;
				SWIFT_ACTIVE_COMPILATION_CONDITIONS = "DEBUG $(inherited)";
				SWIFT_OPTIMIZATION_LEVEL = "-Onone";
			};
			name = Debug;
		};
		A47CD8A22C16E597003165D5 /* Release */ = {
			isa = XCBuildConfiguration;
			buildSettings = {
				ALWAYS_SEARCH_USER_PATHS = NO;
				ASSETCATALOG_COMPILER_GENERATE_SWIFT_ASSET_SYMBOL_EXTENSIONS = YES;
				CLANG_ANALYZER_NONNULL = YES;
				CLANG_ANALYZER_NUMBER_OBJECT_CONVERSION = YES_AGGRESSIVE;
				CLANG_CXX_LANGUAGE_STANDARD = "gnu++20";
				CLANG_ENABLE_MODULES = YES;
				CLANG_ENABLE_OBJC_ARC = YES;
				CLANG_ENABLE_OBJC_WEAK = YES;
				CLANG_WARN_BLOCK_CAPTURE_AUTORELEASING = YES;
				CLANG_WARN_BOOL_CONVERSION = YES;
				CLANG_WARN_COMMA = YES;
				CLANG_WARN_CONSTANT_CONVERSION = YES;
				CLANG_WARN_DEPRECATED_OBJC_IMPLEMENTATIONS = YES;
				CLANG_WARN_DIRECT_OBJC_ISA_USAGE = YES_ERROR;
				CLANG_WARN_DOCUMENTATION_COMMENTS = YES;
				CLANG_WARN_EMPTY_BODY = YES;
				CLANG_WARN_ENUM_CONVERSION = YES;
				CLANG_WARN_INFINITE_RECURSION = YES;
				CLANG_WARN_INT_CONVERSION = YES;
				CLANG_WARN_NON_LITERAL_NULL_CONVERSION = YES;
				CLANG_WARN_OBJC_IMPLICIT_RETAIN_SELF = YES;
				CLANG_WARN_OBJC_LITERAL_CONVERSION = YES;
				CLANG_WARN_OBJC_ROOT_CLASS = YES_ERROR;
				CLANG_WARN_QUOTED_INCLUDE_IN_FRAMEWORK_HEADER = YES;
				CLANG_WARN_RANGE_LOOP_ANALYSIS = YES;
				CLANG_WARN_STRICT_PROTOTYPES = YES;
				CLANG_WARN_SUSPICIOUS_MOVE = YES;
				CLANG_WARN_UNGUARDED_AVAILABILITY = YES_AGGRESSIVE;
				CLANG_WARN_UNREACHABLE_CODE = YES;
				CLANG_WARN__DUPLICATE_METHOD_MATCH = YES;
				COPY_PHASE_STRIP = NO;
				DEBUG_INFORMATION_FORMAT = "dwarf-with-dsym";
				ENABLE_NS_ASSERTIONS = NO;
				ENABLE_STRICT_OBJC_MSGSEND = YES;
				ENABLE_USER_SCRIPT_SANDBOXING = YES;
				GCC_C_LANGUAGE_STANDARD = gnu17;
				GCC_NO_COMMON_BLOCKS = YES;
				GCC_WARN_64_TO_32_BIT_CONVERSION = YES;
				GCC_WARN_ABOUT_RETURN_TYPE = YES_ERROR;
				GCC_WARN_UNDECLARED_SELECTOR = YES;
				GCC_WARN_UNINITIALIZED_AUTOS = YES_AGGRESSIVE;
				GCC_WARN_UNUSED_FUNCTION = YES;
				GCC_WARN_UNUSED_VARIABLE = YES;
				IPHONEOS_DEPLOYMENT_TARGET = 17.5;
				LOCALIZATION_PREFERS_STRING_CATALOGS = YES;
				MTL_ENABLE_DEBUG_INFO = NO;
				MTL_FAST_MATH = YES;
				SDKROOT = iphoneos;
				SWIFT_COMPILATION_MODE = wholemodule;
				VALIDATE_PRODUCT = YES;
			};
			name = Release;
		};
		A47CD8A42C16E597003165D5 /* Debug */ = {
			isa = XCBuildConfiguration;
			buildSettings = {
				ASSETCATALOG_COMPILER_APPICON_NAME = AppIcon;
				ASSETCATALOG_COMPILER_GLOBAL_ACCENT_COLOR_NAME = AccentColor;
				CODE_SIGN_ENTITLEMENTS = "dont-slip/dont-slip.entitlements";
				CODE_SIGN_IDENTITY = "Apple Development";
				CODE_SIGN_STYLE = Automatic;
				CURRENT_PROJECT_VERSION = 1;
				DEVELOPMENT_TEAM = 87N548UZ24;
				GENERATE_INFOPLIST_FILE = YES;
				INFOPLIST_FILE = "dont-slip/Info.plist";
				INFOPLIST_KEY_CFBundleDisplayName = "Don't Slip";
				INFOPLIST_KEY_LSApplicationCategoryType = "public.app-category.arcade-games";
				INFOPLIST_KEY_UIApplicationSupportsIndirectInputEvents = YES;
				INFOPLIST_KEY_UILaunchStoryboardName = LaunchScreen;
				INFOPLIST_KEY_UIMainStoryboardFile = Main;
				INFOPLIST_KEY_UIStatusBarHidden = YES;
				INFOPLIST_KEY_UIStatusBarStyle = "";
				INFOPLIST_KEY_UISupportedInterfaceOrientations = "UIInterfaceOrientationPortrait UIInterfaceOrientationPortraitUpsideDown UIInterfaceOrientationLandscapeLeft UIInterfaceOrientationLandscapeRight";
				IPHONEOS_DEPLOYMENT_TARGET = 17.2;
				LD_RUNPATH_SEARCH_PATHS = (
					"$(inherited)",
					"@executable_path/Frameworks",
				);
				MARKETING_VERSION = 1.0;
				PRODUCT_BUNDLE_IDENTIFIER = com.crt.pinguinsurvival.dontslip;
				PRODUCT_NAME = "$(TARGET_NAME)";
				PROVISIONING_PROFILE_SPECIFIER = "";
				SWIFT_EMIT_LOC_STRINGS = YES;
				SWIFT_VERSION = 5.0;
				TARGETED_DEVICE_FAMILY = "1,2";
			};
			name = Debug;
		};
		A47CD8A52C16E597003165D5 /* Release */ = {
			isa = XCBuildConfiguration;
			buildSettings = {
				ASSETCATALOG_COMPILER_APPICON_NAME = AppIcon;
				ASSETCATALOG_COMPILER_GLOBAL_ACCENT_COLOR_NAME = AccentColor;
				CODE_SIGN_ENTITLEMENTS = "dont-slip/dont-slip.entitlements";
				CODE_SIGN_IDENTITY = "Apple Development";
				CODE_SIGN_STYLE = Automatic;
				CURRENT_PROJECT_VERSION = 1;
				DEVELOPMENT_TEAM = 87N548UZ24;
				GENERATE_INFOPLIST_FILE = YES;
				INFOPLIST_FILE = "dont-slip/Info.plist";
				INFOPLIST_KEY_CFBundleDisplayName = "Don't Slip";
				INFOPLIST_KEY_LSApplicationCategoryType = "public.app-category.arcade-games";
				INFOPLIST_KEY_UIApplicationSupportsIndirectInputEvents = YES;
				INFOPLIST_KEY_UILaunchStoryboardName = LaunchScreen;
				INFOPLIST_KEY_UIMainStoryboardFile = Main;
				INFOPLIST_KEY_UIStatusBarHidden = YES;
				INFOPLIST_KEY_UIStatusBarStyle = "";
				INFOPLIST_KEY_UISupportedInterfaceOrientations = "UIInterfaceOrientationPortrait UIInterfaceOrientationPortraitUpsideDown UIInterfaceOrientationLandscapeLeft UIInterfaceOrientationLandscapeRight";
				IPHONEOS_DEPLOYMENT_TARGET = 17.2;
				LD_RUNPATH_SEARCH_PATHS = (
					"$(inherited)",
					"@executable_path/Frameworks",
				);
				MARKETING_VERSION = 1.0;
				PRODUCT_BUNDLE_IDENTIFIER = com.crt.pinguinsurvival.dontslip;
				PRODUCT_NAME = "$(TARGET_NAME)";
				PROVISIONING_PROFILE_SPECIFIER = "";
				SWIFT_EMIT_LOC_STRINGS = YES;
				SWIFT_VERSION = 5.0;
				TARGETED_DEVICE_FAMILY = "1,2";
			};
			name = Release;
		};
/* End XCBuildConfiguration section */

/* Begin XCConfigurationList section */
		A47CD8872C16E595003165D5 /* Build configuration list for PBXProject "dont-slip" */ = {
			isa = XCConfigurationList;
			buildConfigurations = (
				A47CD8A12C16E597003165D5 /* Debug */,
				A47CD8A22C16E597003165D5 /* Release */,
			);
			defaultConfigurationIsVisible = 0;
			defaultConfigurationName = Release;
		};
		A47CD8A32C16E597003165D5 /* Build configuration list for PBXNativeTarget "dont-slip" */ = {
			isa = XCConfigurationList;
			buildConfigurations = (
				A47CD8A42C16E597003165D5 /* Debug */,
				A47CD8A52C16E597003165D5 /* Release */,
			);
			defaultConfigurationIsVisible = 0;
			defaultConfigurationName = Release;
		};
/* End XCConfigurationList section */
	};
	rootObject = A47CD8842C16E595003165D5 /* Project object */;
}